{
  "name": "gserver",
  "version": "1.0.0",
  "lockfileVersion": 1,
  "requires": true,
  "dependencies": {
    "aws-sdk": {
      "version": "2.0.31",
      "resolved": "https://registry.npmjs.org/aws-sdk/-/aws-sdk-2.0.31.tgz",
      "integrity": "sha1-5yzx/caQFb2f0r3z07iMFlB9Jo4=",
      "requires": {
        "xml2js": "0.2.6",
        "xmlbuilder": "0.4.2"
      }
    },
    "formidable": {
      "version": "1.0.17",
      "resolved": "https://registry.npmjs.org/formidable/-/formidable-1.0.17.tgz",
      "integrity": "sha1-71SRSQ+UM7cF+qdyScmQKa40hVk="
    },
    "gun": {
      "version": "0.3.9991",
      "resolved": "https://registry.npmjs.org/gun/-/gun-0.3.9991.tgz",
      "integrity": "sha1-91XaOeFv6JLyfuH1+LMy9MNKUS8=",
      "requires": {
        "aws-sdk": "2.0.31",
        "formidable": "1.0.17",
        "ws": "1.0.1"
      }
    },
    "gun-server": {
      "version": "1.0.0",
      "resolved": "https://registry.npmjs.org/gun-server/-/gun-server-1.0.0.tgz",
      "integrity": "sha1-GvfE3kp29Xw0Qijvxa7kRSueo5g=",
      "requires": {
        "gun": "0.3.9991"
      }
    },
    "options": {
      "version": "0.0.6",
      "resolved": "https://registry.npmjs.org/options/-/options-0.0.6.tgz",
      "integrity": "sha1-7CLTEoBrtT5zF3Pnza788cZDEo8="
    },
    "sax": {
      "version": "0.4.2",
      "resolved": "https://registry.npmjs.org/sax/-/sax-0.4.2.tgz",
      "integrity": "sha1-OfO2AXM9a+yXEFskKipA/Wl4rDw="
    },
    "ultron": {
      "version": "1.0.2",
      "resolved": "https://registry.npmjs.org/ultron/-/ultron-1.0.2.tgz",
      "integrity": "sha1-rOEWq1V80Zc4ak6I9GhTeMiy5Po="
    },
    "ws": {
      "version": "1.0.1",
      "resolved": "https://registry.npmjs.org/ws/-/ws-1.0.1.tgz",
      "integrity": "sha1-fQsqLljN3YGQOcKcneZQReGzEOk=",
      "requires": {
        "options": "0.0.6",
        "ultron": "1.0.2"
      }
    },
    "xml2js": {
      "version": "0.2.6",
      "resolved": "https://registry.npmjs.org/xml2js/-/xml2js-0.2.6.tgz",
      "integrity": "sha1-0gnE5N2h/JxFIUHvQcB39a399sQ=",
      "requires": {
        "sax": "0.4.2"
      }
    },
    "xmlbuilder": {
      "version": "0.4.2",
      "resolved": "https://registry.npmjs.org/xmlbuilder/-/xmlbuilder-0.4.2.tgz",
      "integrity": "sha1-F3bWXz/brUcKCNhgTN6xxOVA/4M="
    }
  }
}
